
Microsoft Visual Studio Solution File, Format Version 12.00
# Visual Studio Version 16
VisualStudioVersion = 16.0.31410.357
MinimumVisualStudioVersion = 10.0.40219.1
Project("{FAE04EC0-301F-11D3-BF4B-00C04F79EFBC}") = "Laba1", "Laba1.csproj", "{BAB566C9-E6E6-4C28-86F5-F089DAC4314D}"
EndProject
Global
	GlobalSection(SolutionConfigurationPlatforms) = preSolution
		Debug|Any CPU = Debug|Any CPU
		Release|Any CPU = Release|Any CPU
	EndGlobalSection
	GlobalSection(ProjectConfigurationPlatforms) = postSolution
		{BAB566C9-E6E6-4C28-86F5-F089DAC4314D}.Debug|Any CPU.ActiveCfg = Debug|Any CPU
		{BAB566C9-E6E6-4C28-86F5-F089DAC4314D}.Debug|Any CPU.Build.0 = Debug|Any CPU
		{BAB566C9-E6E6-4C28-86F5-F089DAC4314D}.Release|Any CPU.ActiveCfg = Release|Any CPU
		{BAB566C9-E6E6-4C28-86F5-F089DAC4314D}.Release|Any CPU.Build.0 = Release|Any CPU
	EndGlobalSection
	GlobalSection(SolutionProperties) = preSolution
		HideSolutionNode = FALSE
	EndGlobalSection
	GlobalSection(ExtensibilityGlobals) = postSolution
		SolutionGuid = {04B93AAB-15DD-4E44-BFEB-D15118507A85}
	EndGlobalSection
EndGlobal
